{
    "name": "ng4-tool",
    "version": "1.0.0",
    "lockfileVersion": 1,
    "requires": true,
    "dependencies": {
        "colors": {
            "version": "1.1.2",
            "resolved": "http://r.cnpmjs.org/colors/download/colors-1.1.2.tgz",
            "integrity": "sha1-FopHAXVran9RoSzgyXv6KMCE7WM="
        },
        "commander": {
            "version": "2.11.0",
            "resolved": "http://r.cnpmjs.org/commander/download/commander-2.11.0.tgz",
            "integrity": "sha1-FXFS/R56bI2YpbcVzzdt+SgARWM="
        },
        "core-util-is": {
            "version": "1.0.2",
            "resolved": "http://r.cnpmjs.org/core-util-is/download/core-util-is-1.0.2.tgz",
            "integrity": "sha1-tf1UIgqivFq1eqtxQMlAdUUDwac="
        },
        "escape-string-regexp": {
            "version": "1.0.5",
            "resolved": "http://r.cnpmjs.org/escape-string-regexp/download/escape-string-regexp-1.0.5.tgz",
            "integrity": "sha1-G2HAViGQqN/2rjuyzwIAyhMLhtQ="
        },
        "fs": {
            "version": "0.0.1-security",
            "resolved": "http://r.cnpmjs.org/fs/download/fs-0.0.1-security.tgz",
            "integrity": "sha1-invTcYa23d84E/I4WLV+yq9eQdQ="
        },
        "inherits": {
            "version": "2.0.1",
            "resolved": "http://r.cnpmjs.org/inherits/download/inherits-2.0.1.tgz",
            "integrity": "sha1-sX0I0ya0Qj5Wjv9xn5GwscvfafE="
        },
        "isarray": {
            "version": "1.0.0",
            "resolved": "http://r.cnpmjs.org/isarray/download/isarray-1.0.0.tgz",
            "integrity": "sha1-u5NdSFgsuhaMBoNJV6VKPgcSTxE="
        },
        "object-assign": {
            "version": "4.1.1",
            "resolved": "http://r.cnpmjs.org/object-assign/download/object-assign-4.1.1.tgz",
            "integrity": "sha1-IQmtx5ZYh8/AXLvUQsrIv7s2CGM="
        },
        "path": {
            "version": "0.12.7",
            "resolved": "http://r.cnpmjs.org/path/download/path-0.12.7.tgz",
            "integrity": "sha1-1NwqUGxM4hl+tIHr/NWzbAFAsQ8=",
            "requires": {
                "process": "0.11.10",
                "util": "0.10.3"
            }
        },
        "process": {
            "version": "0.11.10",
            "resolved": "http://r.cnpmjs.org/process/download/process-0.11.10.tgz",
            "integrity": "sha1-czIwDoQBYb2j5podHZGn1LwW8YI="
        },
        "process-nextick-args": {
            "version": "1.0.7",
            "resolved": "http://r.cnpmjs.org/process-nextick-args/download/process-nextick-args-1.0.7.tgz",
            "integrity": "sha1-FQ4gt1ZZCtP5EJPyWk8q2L/zC6M="
        },
        "readable-stream": {
            "version": "2.3.3",
            "resolved": "http://r.cnpmjs.org/readable-stream/download/readable-stream-2.3.3.tgz",
            "integrity": "sha1-No8lEtefnUb9/HE0mueHi7weuVw=",
            "requires": {
                "core-util-is": "1.0.2",
                "inherits": "2.0.3",
                "isarray": "1.0.0",
                "process-nextick-args": "1.0.7",
                "safe-buffer": "5.1.1",
                "string_decoder": "1.0.3",
                "util-deprecate": "1.0.2"
            },
            "dependencies": {
                "inherits": {
                    "version": "2.0.3",
                    "resolved": "http://r.cnpmjs.org/inherits/download/inherits-2.0.3.tgz",
                    "integrity": "sha1-Yzwsg+PaQqUC9SRmAiSA9CCCYd4="
                }
            }
        },
        "replacestream": {
            "version": "4.0.3",
            "resolved": "http://r.cnpmjs.org/replacestream/download/replacestream-4.0.3.tgz",
            "integrity": "sha1-PuV5gJK+Nksc2xSEMISSyz3/LzY=",
            "requires": {
                "escape-string-regexp": "1.0.5",
                "object-assign": "4.1.1",
                "readable-stream": "2.3.3"
            }
        },
        "safe-buffer": {
            "version": "5.1.1",
            "resolved": "http://r.cnpmjs.org/safe-buffer/download/safe-buffer-5.1.1.tgz",
            "integrity": "sha1-iTMSr2myEj3vcfV4iQAWce6yyFM="
        },
        "string_decoder": {
            "version": "1.0.3",
            "resolved": "http://r.cnpmjs.org/string_decoder/download/string_decoder-1.0.3.tgz",
            "integrity": "sha1-D8Z9fBQYJd6UKC3VNr7GubzoYKs=",
            "requires": {
                "safe-buffer": "5.1.1"
            }
        },
        "util": {
            "version": "0.10.3",
            "resolved": "http://r.cnpmjs.org/util/download/util-0.10.3.tgz",
            "integrity": "sha1-evsa/lCAUkZInj23/g7TeTNqwPk=",
            "requires": {
                "inherits": "2.0.1"
            }
        },
        "util-deprecate": {
            "version": "1.0.2",
            "resolved": "http://r.cnpmjs.org/util-deprecate/download/util-deprecate-1.0.2.tgz",
            "integrity": "sha1-RQ1Nyfpw3nMnYvvS1KKJgUGaDM8="
        }
    }
}
